
Microsoft Visual Studio Solution File, Format Version 12.00
# Visual Studio 15
VisualStudioVersion = 15.0.26730.12
MinimumVisualStudioVersion = 10.0.40219.1
Project("{9A19103F-16F7-4668-BE54-9A1E7A4F7556}") = "Training.Persona.Api", "Training.Persona.Api\Training.Persona.Api.csproj", "{21D32F10-2E18-45E1-85F7-D26204507210}"
EndProject
Project("{9A19103F-16F7-4668-BE54-9A1E7A4F7556}") = "Training.Persona.Entities", "Training.Persona.Entities\Training.Persona.Entities.csproj", "{1139B797-63B3-4241-8AF8-493169A7652E}"
EndProject
Project("{9A19103F-16F7-4668-BE54-9A1E7A4F7556}") = "Training.Persona.Business", "Training.Persona.Business\Training.Persona.Business.csproj", "{5A73D6F5-8E6B-4FAD-B688-37185CC9D4B7}"
EndProject
Project("{9A19103F-16F7-4668-BE54-9A1E7A4F7556}") = "Training.Persona.Business.Interfaces", "Training.Persona.Business.Interfaces\Training.Persona.Business.Interfaces.csproj", "{51AC0ADA-386C-4C39-8385-FC22FA5464AA}"
EndProject
Project("{9A19103F-16F7-4668-BE54-9A1E7A4F7556}") = "Training.Persona.Data", "Training.Persona.Data\Training.Persona.Data.csproj", "{BC3C7AAC-EE57-41C1-9C8C-641AB2EC13F1}"
EndProject
Project("{9A19103F-16F7-4668-BE54-9A1E7A4F7556}") = "Training.Persona.Data.Interfaces", "Training.Persona.Data.Interfaces\Training.Persona.Data.Interfaces.csproj", "{06473781-58D6-44DA-888D-89FE69EB38E7}"
EndProject
Project("{9A19103F-16F7-4668-BE54-9A1E7A4F7556}") = "Training.Persona.Ioc", "Training.Persona.Ioc\Training.Persona.Ioc.csproj", "{C9841D62-6B3A-4C47-BCC5-7459C9B09623}"
EndProject
Project("{9A19103F-16F7-4668-BE54-9A1E7A4F7556}") = "Training.Persona.Business.Validators", "Training.Persona.Business.Validators\Training.Persona.Business.Validators.csproj", "{C62B230D-0AD0-4FA2-BD0F-3C3F1F78A1E7}"
EndProject
Project("{2150E333-8FDC-42A3-9474-1A3956D46DE8}") = "Solution items", "Solution items", "{6B1C62A4-0DD4-45B8-AB08-8D490B5E1430}"
	ProjectSection(SolutionItems) = preProject
		README.md = README.md
		Settings.StyleCop = Settings.StyleCop
	EndProjectSection
EndProject
Project("{2150E333-8FDC-42A3-9474-1A3956D46DE8}") = "Database", "Database", "{F8D32175-95B0-44E1-A996-80D20F0F4039}"
	ProjectSection(SolutionItems) = preProject
		Database\(#51) Crear DB.mysql = Database\(#51) Crear DB.mysql
	EndProjectSection
EndProject
Project("{2150E333-8FDC-42A3-9474-1A3956D46DE8}") = "Tests", "Tests", "{F122D527-1824-4390-BDC4-D4D2363403D6}"
EndProject
Project("{9A19103F-16F7-4668-BE54-9A1E7A4F7556}") = "Training.Persona.UnitTests", "Training.Persona.UnitTests\Training.Persona.UnitTests.csproj", "{BD94DF5A-B678-4C9D-A282-DCA7932E5154}"
EndProject
Project("{9A19103F-16F7-4668-BE54-9A1E7A4F7556}") = "Apollo.NetCore.Core.Settings", "Apollo.NetCore.Core.Settings\Apollo.NetCore.Core.Settings.csproj", "{FCF5D4CF-FF5E-4A37-9208-A993BE4B99E5}"
EndProject
Project("{2150E333-8FDC-42A3-9474-1A3956D46DE8}") = "Core", "Core", "{467CE5A4-F3FF-4EF0-932C-7789C2A2367B}"
EndProject
Project("{9A19103F-16F7-4668-BE54-9A1E7A4F7556}") = "Apollo.NetCore.Core.Data", "Apollo.NetCore.Core.Data\Apollo.NetCore.Core.Data.csproj", "{4052FA60-D908-4F15-95A2-B1B340314703}"
EndProject
Project("{9A19103F-16F7-4668-BE54-9A1E7A4F7556}") = "Apollo.NetCore.Core.ExceptionManager", "Apollo.NetCore.Core.ExceptionManager\Apollo.NetCore.Core.ExceptionManager.csproj", "{BE699E50-F7BB-4F01-B9E1-B7A8B963A1CD}"
EndProject
Project("{9A19103F-16F7-4668-BE54-9A1E7A4F7556}") = "Apollo.NetCore.Core.Exceptions", "Apollo.NetCore.Core.Exceptions\Apollo.NetCore.Core.Exceptions.csproj", "{C4E8565F-E817-48A0-9533-C3E0A38D27C5}"
EndProject
Project("{9A19103F-16F7-4668-BE54-9A1E7A4F7556}") = "Apollo.NetCore.Core.Extensions", "Apollo.NetCore.Core.Extensions\Apollo.NetCore.Core.Extensions.csproj", "{E181C999-CD94-465E-84EB-E7F4AD21E395}"
EndProject
Project("{9A19103F-16F7-4668-BE54-9A1E7A4F7556}") = "Apollo.NetCore.Core.Web.Api", "Apollo.NetCore.Core.Web.Api\Apollo.NetCore.Core.Web.Api.csproj", "{3B336138-FB8E-4268-A515-F1149872E270}"
EndProject
Global
	GlobalSection(SolutionConfigurationPlatforms) = preSolution
		Debug|Any CPU = Debug|Any CPU
		Release|Any CPU = Release|Any CPU
	EndGlobalSection
	GlobalSection(ProjectConfigurationPlatforms) = postSolution
		{21D32F10-2E18-45E1-85F7-D26204507210}.Debug|Any CPU.ActiveCfg = Debug|Any CPU
		{21D32F10-2E18-45E1-85F7-D26204507210}.Debug|Any CPU.Build.0 = Debug|Any CPU
		{21D32F10-2E18-45E1-85F7-D26204507210}.Release|Any CPU.ActiveCfg = Release|Any CPU
		{21D32F10-2E18-45E1-85F7-D26204507210}.Release|Any CPU.Build.0 = Release|Any CPU
		{1139B797-63B3-4241-8AF8-493169A7652E}.Debug|Any CPU.ActiveCfg = Debug|Any CPU
		{1139B797-63B3-4241-8AF8-493169A7652E}.Debug|Any CPU.Build.0 = Debug|Any CPU
		{1139B797-63B3-4241-8AF8-493169A7652E}.Release|Any CPU.ActiveCfg = Release|Any CPU
		{1139B797-63B3-4241-8AF8-493169A7652E}.Release|Any CPU.Build.0 = Release|Any CPU
		{5A73D6F5-8E6B-4FAD-B688-37185CC9D4B7}.Debug|Any CPU.ActiveCfg = Debug|Any CPU
		{5A73D6F5-8E6B-4FAD-B688-37185CC9D4B7}.Debug|Any CPU.Build.0 = Debug|Any CPU
		{5A73D6F5-8E6B-4FAD-B688-37185CC9D4B7}.Release|Any CPU.ActiveCfg = Release|Any CPU
		{5A73D6F5-8E6B-4FAD-B688-37185CC9D4B7}.Release|Any CPU.Build.0 = Release|Any CPU
		{51AC0ADA-386C-4C39-8385-FC22FA5464AA}.Debug|Any CPU.ActiveCfg = Debug|Any CPU
		{51AC0ADA-386C-4C39-8385-FC22FA5464AA}.Debug|Any CPU.Build.0 = Debug|Any CPU
		{51AC0ADA-386C-4C39-8385-FC22FA5464AA}.Release|Any CPU.ActiveCfg = Release|Any CPU
		{51AC0ADA-386C-4C39-8385-FC22FA5464AA}.Release|Any CPU.Build.0 = Release|Any CPU
		{BC3C7AAC-EE57-41C1-9C8C-641AB2EC13F1}.Debug|Any CPU.ActiveCfg = Debug|Any CPU
		{BC3C7AAC-EE57-41C1-9C8C-641AB2EC13F1}.Debug|Any CPU.Build.0 = Debug|Any CPU
		{BC3C7AAC-EE57-41C1-9C8C-641AB2EC13F1}.Release|Any CPU.ActiveCfg = Release|Any CPU
		{BC3C7AAC-EE57-41C1-9C8C-641AB2EC13F1}.Release|Any CPU.Build.0 = Release|Any CPU
		{06473781-58D6-44DA-888D-89FE69EB38E7}.Debug|Any CPU.ActiveCfg = Debug|Any CPU
		{06473781-58D6-44DA-888D-89FE69EB38E7}.Debug|Any CPU.Build.0 = Debug|Any CPU
		{06473781-58D6-44DA-888D-89FE69EB38E7}.Release|Any CPU.ActiveCfg = Release|Any CPU
		{06473781-58D6-44DA-888D-89FE69EB38E7}.Release|Any CPU.Build.0 = Release|Any CPU
		{C9841D62-6B3A-4C47-BCC5-7459C9B09623}.Debug|Any CPU.ActiveCfg = Debug|Any CPU
		{C9841D62-6B3A-4C47-BCC5-7459C9B09623}.Debug|Any CPU.Build.0 = Debug|Any CPU
		{C9841D62-6B3A-4C47-BCC5-7459C9B09623}.Release|Any CPU.ActiveCfg = Release|Any CPU
		{C9841D62-6B3A-4C47-BCC5-7459C9B09623}.Release|Any CPU.Build.0 = Release|Any CPU
		{C62B230D-0AD0-4FA2-BD0F-3C3F1F78A1E7}.Debug|Any CPU.ActiveCfg = Debug|Any CPU
		{C62B230D-0AD0-4FA2-BD0F-3C3F1F78A1E7}.Debug|Any CPU.Build.0 = Debug|Any CPU
		{C62B230D-0AD0-4FA2-BD0F-3C3F1F78A1E7}.Release|Any CPU.ActiveCfg = Release|Any CPU
		{C62B230D-0AD0-4FA2-BD0F-3C3F1F78A1E7}.Release|Any CPU.Build.0 = Release|Any CPU
		{BD94DF5A-B678-4C9D-A282-DCA7932E5154}.Debug|Any CPU.ActiveCfg = Debug|Any CPU
		{BD94DF5A-B678-4C9D-A282-DCA7932E5154}.Debug|Any CPU.Build.0 = Debug|Any CPU
		{BD94DF5A-B678-4C9D-A282-DCA7932E5154}.Release|Any CPU.ActiveCfg = Release|Any CPU
		{BD94DF5A-B678-4C9D-A282-DCA7932E5154}.Release|Any CPU.Build.0 = Release|Any CPU
		{FCF5D4CF-FF5E-4A37-9208-A993BE4B99E5}.Debug|Any CPU.ActiveCfg = Debug|Any CPU
		{FCF5D4CF-FF5E-4A37-9208-A993BE4B99E5}.Debug|Any CPU.Build.0 = Debug|Any CPU
		{FCF5D4CF-FF5E-4A37-9208-A993BE4B99E5}.Release|Any CPU.ActiveCfg = Release|Any CPU
		{FCF5D4CF-FF5E-4A37-9208-A993BE4B99E5}.Release|Any CPU.Build.0 = Release|Any CPU
		{4052FA60-D908-4F15-95A2-B1B340314703}.Debug|Any CPU.ActiveCfg = Debug|Any CPU
		{4052FA60-D908-4F15-95A2-B1B340314703}.Debug|Any CPU.Build.0 = Debug|Any CPU
		{4052FA60-D908-4F15-95A2-B1B340314703}.Release|Any CPU.ActiveCfg = Release|Any CPU
		{4052FA60-D908-4F15-95A2-B1B340314703}.Release|Any CPU.Build.0 = Release|Any CPU
		{BE699E50-F7BB-4F01-B9E1-B7A8B963A1CD}.Debug|Any CPU.ActiveCfg = Debug|Any CPU
		{BE699E50-F7BB-4F01-B9E1-B7A8B963A1CD}.Debug|Any CPU.Build.0 = Debug|Any CPU
		{BE699E50-F7BB-4F01-B9E1-B7A8B963A1CD}.Release|Any CPU.ActiveCfg = Release|Any CPU
		{BE699E50-F7BB-4F01-B9E1-B7A8B963A1CD}.Release|Any CPU.Build.0 = Release|Any CPU
		{C4E8565F-E817-48A0-9533-C3E0A38D27C5}.Debug|Any CPU.ActiveCfg = Debug|Any CPU
		{C4E8565F-E817-48A0-9533-C3E0A38D27C5}.Debug|Any CPU.Build.0 = Debug|Any CPU
		{C4E8565F-E817-48A0-9533-C3E0A38D27C5}.Release|Any CPU.ActiveCfg = Release|Any CPU
		{C4E8565F-E817-48A0-9533-C3E0A38D27C5}.Release|Any CPU.Build.0 = Release|Any CPU
		{E181C999-CD94-465E-84EB-E7F4AD21E395}.Debug|Any CPU.ActiveCfg = Debug|Any CPU
		{E181C999-CD94-465E-84EB-E7F4AD21E395}.Debug|Any CPU.Build.0 = Debug|Any CPU
		{E181C999-CD94-465E-84EB-E7F4AD21E395}.Release|Any CPU.ActiveCfg = Release|Any CPU
		{E181C999-CD94-465E-84EB-E7F4AD21E395}.Release|Any CPU.Build.0 = Release|Any CPU
		{3B336138-FB8E-4268-A515-F1149872E270}.Debug|Any CPU.ActiveCfg = Debug|Any CPU
		{3B336138-FB8E-4268-A515-F1149872E270}.Debug|Any CPU.Build.0 = Debug|Any CPU
		{3B336138-FB8E-4268-A515-F1149872E270}.Release|Any CPU.ActiveCfg = Release|Any CPU
		{3B336138-FB8E-4268-A515-F1149872E270}.Release|Any CPU.Build.0 = Release|Any CPU
	EndGlobalSection
	GlobalSection(SolutionProperties) = preSolution
		HideSolutionNode = FALSE
	EndGlobalSection
	GlobalSection(NestedProjects) = preSolution
		{BD94DF5A-B678-4C9D-A282-DCA7932E5154} = {F122D527-1824-4390-BDC4-D4D2363403D6}
		{FCF5D4CF-FF5E-4A37-9208-A993BE4B99E5} = {467CE5A4-F3FF-4EF0-932C-7789C2A2367B}
		{4052FA60-D908-4F15-95A2-B1B340314703} = {467CE5A4-F3FF-4EF0-932C-7789C2A2367B}
		{BE699E50-F7BB-4F01-B9E1-B7A8B963A1CD} = {467CE5A4-F3FF-4EF0-932C-7789C2A2367B}
		{C4E8565F-E817-48A0-9533-C3E0A38D27C5} = {467CE5A4-F3FF-4EF0-932C-7789C2A2367B}
		{E181C999-CD94-465E-84EB-E7F4AD21E395} = {467CE5A4-F3FF-4EF0-932C-7789C2A2367B}
		{3B336138-FB8E-4268-A515-F1149872E270} = {467CE5A4-F3FF-4EF0-932C-7789C2A2367B}
	EndGlobalSection
	GlobalSection(ExtensibilityGlobals) = postSolution
		SolutionGuid = {2DDBB22D-3DEF-4D43-8B81-0B8C094BD4C6}
	EndGlobalSection
EndGlobal
